lockfileVersion: '9.0'

settings:
  autoInstallPeers: true
  excludeLinksFromLockfile: false

importers:

  .:
    dependencies:
      '@pixi-spine/loader-4.1':
        specifier: ^4.0.6
        version: 4.0.6(vtsppegc4o3lulpowyd3mxp22m)
      '@pixi-spine/runtime-4.1':
        specifier: ^4.0.6
        version: 4.0.6(@pixi-spine/base@4.0.6(@pixi/core@7.4.3)(@pixi/display@7.4.3(@pixi/core@7.4.3))(@pixi/graphics@7.4.3(@pixi/core@7.4.3)(@pixi/display@7.4.3(@pixi/core@7.4.3))(@pixi/sprite@7.4.3(@pixi/core@7.4.3)(@pixi/display@7.4.3(@pixi/core@7.4.3))))(@pixi/mesh-extras@7.4.3(@pixi/core@7.4.3)(@pixi/mesh@7.4.3(@pixi/core@7.4.3)(@pixi/display@7.4.3(@pixi/core@7.4.3))))(@pixi/mesh@7.4.3(@pixi/core@7.4.3)(@pixi/display@7.4.3(@pixi/core@7.4.3)))(@pixi/sprite@7.4.3(@pixi/core@7.4.3)(@pixi/display@7.4.3(@pixi/core@7.4.3))))(@pixi/core@7.4.3)
      fs-extra:
        specifier: ^11.3.0
        version: 11.3.0
      pixi.js:
        specifier: ^8.10.1
        version: 8.10.1
      xlsx:
        specifier: ^0.18.5
        version: 0.18.5

packages:

  '@pixi-spine/base@4.0.6':
    resolution: {integrity: sha512-m7tbwGF9LTWoDP3/p1lj7tPYUiZroFGJa3hqCpDT24oP0+qPwm81zhvOddcvKpm9WvyG7EahQfncayXMNm0n7A==}
    peerDependencies:
      '@pixi/core': ^7.0.0
      '@pixi/display': ^7.0.0
      '@pixi/graphics': ^7.0.0
      '@pixi/mesh': ^7.0.0
      '@pixi/mesh-extras': ^7.0.0
      '@pixi/sprite': ^7.0.0

  '@pixi-spine/loader-4.1@4.0.6':
    resolution: {integrity: sha512-Gwyr/NOh8jKRBwRkw9JSa3LsThM2/un3DIC0aQyP/QL/yfCrABMM931NYGINAb92tBqPcpggQG5CSUcYbA9nlw==}
    peerDependencies:
      '@pixi-spine/loader-base': ^4.0.0
      '@pixi-spine/runtime-4.1': ^4.0.0

  '@pixi-spine/loader-base@4.0.6':
    resolution: {integrity: sha512-sdbT1fbjHJFxESn8R2vulIyPu6xVBocJhrfs/kdpEWmsGUHTFdh7ANKaCqvXPvQh6wO5tgJNGhuLxtSu8VNzYg==}
    peerDependencies:
      '@pixi-spine/base': ^4.0.0
      '@pixi/assets': ' ^7.0.0'
      '@pixi/core': ^7.0.0

  '@pixi-spine/runtime-4.1@4.0.6':
    resolution: {integrity: sha512-hiX6of8Usll/zIubGB5ufPY0JaBGt0Yvpc0zEXCtxyWCx3habp8XtPNta3MmEQUVChD0nX5yks8vtzxAahFJew==}
    peerDependencies:
      '@pixi-spine/base': ^4.0.0
      '@pixi/core': ^7.0.0

  '@pixi/assets@7.4.3':
    resolution: {integrity: sha512-StvjiJBSp/j9hHkGu8AFHNvwYUazXq64WhyhytztyDMRkg/l/cL7EcttY5T0qZNWlIpccdr60LUKrWDOuMpkiw==}
    peerDependencies:
      '@pixi/core': 7.4.3

  '@pixi/color@7.4.3':
    resolution: {integrity: sha512-a6R+bXKeXMDcRmjYQoBIK+v2EYqxSX49wcjAY579EYM/WrFKS98nSees6lqVUcLKrcQh2DT9srJHX7XMny3voQ==}

  '@pixi/colord@2.9.6':
    resolution: {integrity: sha512-nezytU2pw587fQstUu1AsJZDVEynjskwOL+kibwcdxsMBFqPsFFNA7xl0ii/gXuDi6M0xj3mfRJj8pBSc2jCfA==}

  '@pixi/constants@7.4.3':
    resolution: {integrity: sha512-QGmwJUNQy/vVEHzL6VGQvnwawLZ1wceZMI8HwJAT4/I2uAzbBeFDdmCS8WsTpSWLZjF/DszDc1D8BFp4pVJ5UQ==}

  '@pixi/core@7.4.3':
    resolution: {integrity: sha512-5YDs11faWgVVTL8VZtLU05/Fl47vaP5Tnsbf+y/WRR0VSW3KhRRGTBU1J3Gdc2xEWbJhUK07KGP7eSZpvtPVgA==}

  '@pixi/display@7.4.3':
    resolution: {integrity: sha512-b5m2dAaoNAVdxz1oDaxl3XZ059NEOcNtGkxTOZ4EYCw/jcp9sZXkgSROHRzsGn4k+NugH7+9MP4Id2Z0kkdUhw==}
    peerDependencies:
      '@pixi/core': 7.4.3

  '@pixi/extensions@7.4.3':
    resolution: {integrity: sha512-FhoiYkHQEDYHUE7wXhqfsTRz6KxLXjuMbSiAwnLb9uG1vAgp6q6qd6HEsf4X30YaZbLFY8a4KY6hFZWjF+4Fdw==}

  '@pixi/graphics@7.4.3':
    resolution: {integrity: sha512-wWLivD8/URb8A7X4TqCZGG39C91IE+aOuWY/z9NCz5Z6WvA/VWnsc5fLTlO+ggjGHgKF0cSucCXZfUe1wm0AOQ==}
    peerDependencies:
      '@pixi/core': 7.4.3
      '@pixi/display': 7.4.3
      '@pixi/sprite': 7.4.3

  '@pixi/math@7.4.3':
    resolution: {integrity: sha512-/uJOVhR2DOZ+zgdI6Bs/CwcXT4bNRKsS+TqX3ekRIxPCwaLra+Qdm7aDxT5cTToDzdxbKL5+rwiLu3Y1egILDw==}

  '@pixi/mesh-extras@7.4.3':
    resolution: {integrity: sha512-EqpxpVZoTObyupxMSzuUsCGmWPQioW84n9EO9Ajawkk/HYA+qKFZ5viKiEThIUBYgv4Apn/7c0U3Feg7Ez4uQQ==}
    peerDependencies:
      '@pixi/core': 7.4.3
      '@pixi/mesh': 7.4.3

  '@pixi/mesh@7.4.3':
    resolution: {integrity: sha512-CikqFPtKvU3Zj986/MSoC8X39CWv5CEpiEW/tYp47p4tgQNDSkNWYnDiNYgb+4VX6pNsBrgX4DALLdTR17SlSA==}
    peerDependencies:
      '@pixi/core': 7.4.3
      '@pixi/display': 7.4.3

  '@pixi/runner@7.4.3':
    resolution: {integrity: sha512-TJyfp7y23u5vvRAyYhVSa7ytq0PdKSvPLXu4G3meoFh1oxTLHH6g/RIzLuxUAThPG2z7ftthuW3qWq6dRV+dhw==}

  '@pixi/settings@7.4.3':
    resolution: {integrity: sha512-SmGK8smc0PxRB9nr0UJioEtE9hl4gvj9OedCvZx3bxBwA3omA5BmP3CyhQfN8XJ29+o2OUL01r3zAPVol4l4lA==}

  '@pixi/sprite@7.4.3':
    resolution: {integrity: sha512-iNBrpOFF9nXDT6m2jcyYy6l/sRzklLDDck1eFHprHZwvNquY2nzRfh+RGBCecxhBcijiLJ3fsZN33fP0LDXkvw==}
    peerDependencies:
      '@pixi/core': 7.4.3
      '@pixi/display': 7.4.3

  '@pixi/ticker@7.4.3':
    resolution: {integrity: sha512-tHsAD0iOUb6QSGGw+c8cyRBvxsq/NlfzIFBZLEHhWZ+Bx4a0MmXup6I/yJDGmyPCYE+ctCcAfY13wKAzdiVFgQ==}

  '@pixi/utils@7.4.3':
    resolution: {integrity: sha512-NO3Y9HAn2UKS1YdxffqsPp+kDpVm8XWvkZcS/E+rBzY9VTLnNOI7cawSRm+dacdET3a8Jad3aDKEDZ0HmAqAFA==}

  '@types/css-font-loading-module@0.0.12':
    resolution: {integrity: sha512-x2tZZYkSxXqWvTDgveSynfjq/T2HyiZHXb00j/+gy19yp70PHCizM48XFdjBCWH7eHBD0R5i/pw9yMBP/BH5uA==}

  '@types/earcut@2.1.4':
    resolution: {integrity: sha512-qp3m9PPz4gULB9MhjGID7wpo3gJ4bTGXm7ltNDsmOvsPduTeHp8wSW9YckBj3mljeOh4F0m2z/0JKAALRKbmLQ==}

  '@types/earcut@3.0.0':
    resolution: {integrity: sha512-k/9fOUGO39yd2sCjrbAJvGDEQvRwRnQIZlBz43roGwUZo5SHAmyVvSFyaVVZkicRVCaDXPKlbxrUcBuJoSWunQ==}

  '@webgpu/types@0.1.61':
    resolution: {integrity: sha512-w2HbBvH+qO19SB5pJOJFKs533CdZqxl3fcGonqL321VHkW7W/iBo6H8bjDy6pr/+pbMwIu5dnuaAxH7NxBqUrQ==}

  '@xmldom/xmldom@0.8.10':
    resolution: {integrity: sha512-2WALfTl4xo2SkGCYRt6rDTFfk9R1czmBvUQy12gK2KuRKIpWEhcbbzy8EZXtz/jkRqHX8bFEc6FC1HjX4TUWYw==}
    engines: {node: '>=10.0.0'}

  adler-32@1.3.1:
    resolution: {integrity: sha512-ynZ4w/nUUv5rrsR8UUGoe1VC9hZj6V5hU9Qw1HlMDJGEJw5S7TfTErWTjMys6M7vr0YWcPqs3qAr4ss0nDfP+A==}
    engines: {node: '>=0.8'}

  call-bind-apply-helpers@1.0.2:
    resolution: {integrity: sha512-Sp1ablJ0ivDkSzjcaJdxEunN5/XvksFJ2sMBFfq6x0ryhQV/2b/KwFe21cMpmHtPOSij8K99/wSfoEuTObmuMQ==}
    engines: {node: '>= 0.4'}

  call-bound@1.0.4:
    resolution: {integrity: sha512-+ys997U96po4Kx/ABpBCqhA9EuxJaQWDQg7295H4hBphv3IZg0boBKuwYpt4YXp6MZ5AmZQnU/tyMTlRpaSejg==}
    engines: {node: '>= 0.4'}

  cfb@1.2.2:
    resolution: {integrity: sha512-KfdUZsSOw19/ObEWasvBP/Ac4reZvAGauZhs6S/gqNhXhI7cKwvlH7ulj+dOEYnca4bm4SGo8C1bTAQvnTjgQA==}
    engines: {node: '>=0.8'}

  codepage@1.15.0:
    resolution: {integrity: sha512-3g6NUTPd/YtuuGrhMnOMRjFc+LJw/bnMp3+0r/Wcz3IXUuCosKRJvMphm5+Q+bvTVGcJJuRvVLuYba+WojaFaA==}
    engines: {node: '>=0.8'}

  crc-32@1.2.2:
    resolution: {integrity: sha512-ROmzCKrTnOwybPcJApAA6WBWij23HVfGVNKqqrZpuyZOHqK2CwHSvpGuyt/UNNvaIjEd8X5IFGp4Mh+Ie1IHJQ==}
    engines: {node: '>=0.8'}
    hasBin: true

  dunder-proto@1.0.1:
    resolution: {integrity: sha512-KIN/nDJBQRcXw0MLVhZE9iQHmG68qAVIBg9CqmUYjmQIhgij9U5MFvrqkUL5FbtyyzZuOeOt0zdeRe4UY7ct+A==}
    engines: {node: '>= 0.4'}

  earcut@2.2.4:
    resolution: {integrity: sha512-/pjZsA1b4RPHbeWZQn66SWS8nZZWLQQ23oE3Eam7aroEFGEvwKAsJfZ9ytiEMycfzXWpca4FA9QIOehf7PocBQ==}

  earcut@3.0.1:
    resolution: {integrity: sha512-0l1/0gOjESMeQyYaK5IDiPNvFeu93Z/cO0TjZh9eZ1vyCtZnA7KMZ8rQggpsJHIbGSdrqYq9OhuveadOVHCshw==}

  es-define-property@1.0.1:
    resolution: {integrity: sha512-e3nRfgfUZ4rNGL232gUgX06QNyyez04KdjFrF+LTRoOXmrOgFKDg4BCdsjW8EnT69eqdYGmRpJwiPVYNrCaW3g==}
    engines: {node: '>= 0.4'}

  es-errors@1.3.0:
    resolution: {integrity: sha512-Zf5H2Kxt2xjTvbJvP2ZWLEICxA6j+hAmMzIlypy4xcBg1vKVnx89Wy0GbS+kf5cwCVFFzdCFh2XSCFNULS6csw==}
    engines: {node: '>= 0.4'}

  es-object-atoms@1.1.1:
    resolution: {integrity: sha512-FGgH2h8zKNim9ljj7dankFPcICIK9Cp5bm+c2gQSYePhpaG5+esrLODihIorn+Pe6FGJzWhXQotPv73jTaldXA==}
    engines: {node: '>= 0.4'}

  eventemitter3@4.0.7:
    resolution: {integrity: sha512-8guHBZCwKnFhYdHr2ysuRWErTwhoN2X8XELRlrRwpmfeY2jjuUN4taQMsULKUVo1K4DvZl+0pgfyoysHxvmvEw==}

  eventemitter3@5.0.1:
    resolution: {integrity: sha512-GWkBvjiSZK87ELrYOSESUYeVIc9mvLLf/nXalMOS5dYrgZq9o5OVkbZAVM06CVxYsCwH9BDZFPlQTlPA1j4ahA==}

  frac@1.1.2:
    resolution: {integrity: sha512-w/XBfkibaTl3YDqASwfDUqkna4Z2p9cFSr1aHDt0WoMTECnRfBOv2WArlZILlqgWlmdIlALXGpM2AOhEk5W3IA==}
    engines: {node: '>=0.8'}

  fs-extra@11.3.0:
    resolution: {integrity: sha512-Z4XaCL6dUDHfP/jT25jJKMmtxvuwbkrD1vNSMFlo9lNLY2c5FHYSQgHPRZUjAB26TpDEoW9HCOgplrdbaPV/ew==}
    engines: {node: '>=14.14'}

  function-bind@1.1.2:
    resolution: {integrity: sha512-7XHNxH7qX9xG5mIwxkhumTox/MIRNcOgDrxWsMt2pAr23WHp6MrRlN7FBSFpCpr+oVO0F744iUgR82nJMfG2SA==}

  get-intrinsic@1.3.0:
    resolution: {integrity: sha512-9fSjSaos/fRIVIp+xSJlE6lfwhES7LNtKaCBIamHsjr2na1BiABJPo0mOjjz8GJDURarmCPGqaiVg5mfjb98CQ==}
    engines: {node: '>= 0.4'}

  get-proto@1.0.1:
    resolution: {integrity: sha512-sTSfBjoXBp89JvIKIefqw7U2CCebsc74kiY6awiGogKtoSGbgjYE/G/+l9sF3MWFPNc9IcoOC4ODfKHfxFmp0g==}
    engines: {node: '>= 0.4'}

  gifuct-js@2.1.2:
    resolution: {integrity: sha512-rI2asw77u0mGgwhV3qA+OEgYqaDn5UNqgs+Bx0FGwSpuqfYn+Ir6RQY5ENNQ8SbIiG/m5gVa7CD5RriO4f4Lsg==}

  gopd@1.2.0:
    resolution: {integrity: sha512-ZUKRh6/kUFoAiTAtTYPZJ3hw9wNxx+BIBOijnlG9PnrJsCcSjs1wyyD6vJpaYtgnzDrKYRSqf3OO6Rfa93xsRg==}
    engines: {node: '>= 0.4'}

  graceful-fs@4.2.11:
    resolution: {integrity: sha512-RbJ5/jmFcNNCcDV5o9eTnBLJ/HszWV0P73bc+Ff4nS/rJj+YaS6IGyiOL0VoBYX+l1Wrl3k63h/KrH+nhJ0XvQ==}

  has-symbols@1.1.0:
    resolution: {integrity: sha512-1cDNdwJ2Jaohmb3sg4OmKaMBwuC48sYni5HUw2DvsC8LjGTLK9h+eb1X6RyuOHe4hT0ULCW68iomhjUoKUqlPQ==}
    engines: {node: '>= 0.4'}

  hasown@2.0.2:
    resolution: {integrity: sha512-0hJU9SCPvmMzIBdZFqNPXWa6dqh7WdH0cII9y+CyS8rG3nL48Bclra9HmKhVVUHyPWNH5Y7xDwAB7bfgSjkUMQ==}
    engines: {node: '>= 0.4'}

  ismobilejs@1.1.1:
    resolution: {integrity: sha512-VaFW53yt8QO61k2WJui0dHf4SlL8lxBofUuUmwBo0ljPk0Drz2TiuDW4jo3wDcv41qy/SxrJ+VAzJ/qYqsmzRw==}

  js-binary-schema-parser@2.0.3:
    resolution: {integrity: sha512-xezGJmOb4lk/M1ZZLTR/jaBHQ4gG/lqQnJqdIv4721DMggsa1bDVlHXNeHYogaIEHD9vCRv0fcL4hMA+Coarkg==}

  jsonfile@6.1.0:
    resolution: {integrity: sha512-5dgndWOriYSm5cnYaJNhalLNDKOqFwyDB/rr1E9ZsGciGvKPs8R2xYGCacuf3z6K1YKDz182fd+fY3cn3pMqXQ==}

  math-intrinsics@1.1.0:
    resolution: {integrity: sha512-/IXtbwEk5HTPyEwyKX6hGkYXxM9nbj64B+ilVJnC/R6B0pH5G4V3b0pVbL7DBj4tkhBAppbQUlf6F6Xl9LHu1g==}
    engines: {node: '>= 0.4'}

  object-inspect@1.13.4:
    resolution: {integrity: sha512-W67iLl4J2EXEGTbfeHCffrjDfitvLANg0UlX3wFUUSTx92KXRFegMHUVgSqE+wvhAbi4WqjGg9czysTV2Epbew==}
    engines: {node: '>= 0.4'}

  parse-svg-path@0.1.2:
    resolution: {integrity: sha512-JyPSBnkTJ0AI8GGJLfMXvKq42cj5c006fnLz6fXy6zfoVjJizi8BNTpu8on8ziI1cKy9d9DGNuY17Ce7wuejpQ==}

  pixi.js@8.10.1:
    resolution: {integrity: sha512-wjKJXawhTUxuyKIuwE3jK05eBh5I4GKy+YrRVniURFRkK7pYEvRvnV41dEqz6owSXav/YMXdG5783YDJeamiow==}

  punycode@1.4.1:
    resolution: {integrity: sha512-jmYNElW7yvO7TV33CjSmvSiE2yco3bV2czu/OzDKdMNVZQWfxCblURLhf+47syQRBntjfLdd/H0egrzIG+oaFQ==}

  qs@6.14.0:
    resolution: {integrity: sha512-YWWTjgABSKcvs/nWBi9PycY/JiPJqOD4JA6o9Sej2AtvSGarXxKC3OQSk4pAarbdQlKAh5D4FCQkJNkW+GAn3w==}
    engines: {node: '>=0.6'}

  side-channel-list@1.0.0:
    resolution: {integrity: sha512-FCLHtRD/gnpCiCHEiJLOwdmFP+wzCmDEkc9y7NsYxeF4u7Btsn1ZuwgwJGxImImHicJArLP4R0yX4c2KCrMrTA==}
    engines: {node: '>= 0.4'}

  side-channel-map@1.0.1:
    resolution: {integrity: sha512-VCjCNfgMsby3tTdo02nbjtM/ewra6jPHmpThenkTYh8pG9ucZ/1P8So4u4FGBek/BjpOVsDCMoLA/iuBKIFXRA==}
    engines: {node: '>= 0.4'}

  side-channel-weakmap@1.0.2:
    resolution: {integrity: sha512-WPS/HvHQTYnHisLo9McqBHOJk2FkHO/tlpvldyrnem4aeQp4hai3gythswg6p01oSoTl58rcpiFAjF2br2Ak2A==}
    engines: {node: '>= 0.4'}

  side-channel@1.1.0:
    resolution: {integrity: sha512-ZX99e6tRweoUXqR+VBrslhda51Nh5MTQwou5tnUDgbtyM0dBgmhEDtWGP/xbKn6hqfPRHujUNwz5fy/wbbhnpw==}
    engines: {node: '>= 0.4'}

  ssf@0.11.2:
    resolution: {integrity: sha512-+idbmIXoYET47hH+d7dfm2epdOMUDjqcB4648sTZ+t2JwoyBFL/insLfB/racrDmsKB3diwsDA696pZMieAC5g==}
    engines: {node: '>=0.8'}

  universalify@2.0.1:
    resolution: {integrity: sha512-gptHNQghINnc/vTGIk0SOFGFNXw7JVrlRUtConJRlvaw6DuX0wO5Jeko9sWrMBhh+PsYAZ7oXAiOnf/UKogyiw==}
    engines: {node: '>= 10.0.0'}

  url@0.11.4:
    resolution: {integrity: sha512-oCwdVC7mTuWiPyjLUz/COz5TLk6wgp0RCsN+wHZ2Ekneac9w8uuV0njcbbie2ME+Vs+d6duwmYuR3HgQXs1fOg==}
    engines: {node: '>= 0.4'}

  wmf@1.0.2:
    resolution: {integrity: sha512-/p9K7bEh0Dj6WbXg4JG0xvLQmIadrner1bi45VMJTfnbVHsc7yIajZyoSoK60/dtVBs12Fm6WkUI5/3WAVsNMw==}
    engines: {node: '>=0.8'}

  word@0.3.0:
    resolution: {integrity: sha512-OELeY0Q61OXpdUfTp+oweA/vtLVg5VDOXh+3he3PNzLGG/y0oylSOC1xRVj0+l4vQ3tj/bB1HVHv1ocXkQceFA==}
    engines: {node: '>=0.8'}

  xlsx@0.18.5:
    resolution: {integrity: sha512-dmg3LCjBPHZnQp5/F/+nnTa+miPJxUXB6vtk42YjBBKayDNagxGEeIdWApkYPOf3Z3pm3k62Knjzp7lMeTEtFQ==}
    engines: {node: '>=0.8'}
    hasBin: true

snapshots:

  '@pixi-spine/base@4.0.6(@pixi/core@7.4.3)(@pixi/display@7.4.3(@pixi/core@7.4.3))(@pixi/graphics@7.4.3(@pixi/core@7.4.3)(@pixi/display@7.4.3(@pixi/core@7.4.3))(@pixi/sprite@7.4.3(@pixi/core@7.4.3)(@pixi/display@7.4.3(@pixi/core@7.4.3))))(@pixi/mesh-extras@7.4.3(@pixi/core@7.4.3)(@pixi/mesh@7.4.3(@pixi/core@7.4.3)(@pixi/display@7.4.3(@pixi/core@7.4.3))))(@pixi/mesh@7.4.3(@pixi/core@7.4.3)(@pixi/display@7.4.3(@pixi/core@7.4.3)))(@pixi/sprite@7.4.3(@pixi/core@7.4.3)(@pixi/display@7.4.3(@pixi/core@7.4.3)))':
    dependencies:
      '@pixi/core': 7.4.3
      '@pixi/display': 7.4.3(@pixi/core@7.4.3)
      '@pixi/graphics': 7.4.3(@pixi/core@7.4.3)(@pixi/display@7.4.3(@pixi/core@7.4.3))(@pixi/sprite@7.4.3(@pixi/core@7.4.3)(@pixi/display@7.4.3(@pixi/core@7.4.3)))
      '@pixi/mesh': 7.4.3(@pixi/core@7.4.3)(@pixi/display@7.4.3(@pixi/core@7.4.3))
      '@pixi/mesh-extras': 7.4.3(@pixi/core@7.4.3)(@pixi/mesh@7.4.3(@pixi/core@7.4.3)(@pixi/display@7.4.3(@pixi/core@7.4.3)))
      '@pixi/sprite': 7.4.3(@pixi/core@7.4.3)(@pixi/display@7.4.3(@pixi/core@7.4.3))

  '@pixi-spine/loader-4.1@4.0.6(vtsppegc4o3lulpowyd3mxp22m)':
    dependencies:
      '@pixi-spine/loader-base': 4.0.6(@pixi-spine/base@4.0.6(@pixi/core@7.4.3)(@pixi/display@7.4.3(@pixi/core@7.4.3))(@pixi/graphics@7.4.3(@pixi/core@7.4.3)(@pixi/display@7.4.3(@pixi/core@7.4.3))(@pixi/sprite@7.4.3(@pixi/core@7.4.3)(@pixi/display@7.4.3(@pixi/core@7.4.3))))(@pixi/mesh-extras@7.4.3(@pixi/core@7.4.3)(@pixi/mesh@7.4.3(@pixi/core@7.4.3)(@pixi/display@7.4.3(@pixi/core@7.4.3))))(@pixi/mesh@7.4.3(@pixi/core@7.4.3)(@pixi/display@7.4.3(@pixi/core@7.4.3)))(@pixi/sprite@7.4.3(@pixi/core@7.4.3)(@pixi/display@7.4.3(@pixi/core@7.4.3))))(@pixi/assets@7.4.3(@pixi/core@7.4.3))(@pixi/core@7.4.3)
      '@pixi-spine/runtime-4.1': 4.0.6(@pixi-spine/base@4.0.6(@pixi/core@7.4.3)(@pixi/display@7.4.3(@pixi/core@7.4.3))(@pixi/graphics@7.4.3(@pixi/core@7.4.3)(@pixi/display@7.4.3(@pixi/core@7.4.3))(@pixi/sprite@7.4.3(@pixi/core@7.4.3)(@pixi/display@7.4.3(@pixi/core@7.4.3))))(@pixi/mesh-extras@7.4.3(@pixi/core@7.4.3)(@pixi/mesh@7.4.3(@pixi/core@7.4.3)(@pixi/display@7.4.3(@pixi/core@7.4.3))))(@pixi/mesh@7.4.3(@pixi/core@7.4.3)(@pixi/display@7.4.3(@pixi/core@7.4.3)))(@pixi/sprite@7.4.3(@pixi/core@7.4.3)(@pixi/display@7.4.3(@pixi/core@7.4.3))))(@pixi/core@7.4.3)

  '@pixi-spine/loader-base@4.0.6(@pixi-spine/base@4.0.6(@pixi/core@7.4.3)(@pixi/display@7.4.3(@pixi/core@7.4.3))(@pixi/graphics@7.4.3(@pixi/core@7.4.3)(@pixi/display@7.4.3(@pixi/core@7.4.3))(@pixi/sprite@7.4.3(@pixi/core@7.4.3)(@pixi/display@7.4.3(@pixi/core@7.4.3))))(@pixi/mesh-extras@7.4.3(@pixi/core@7.4.3)(@pixi/mesh@7.4.3(@pixi/core@7.4.3)(@pixi/display@7.4.3(@pixi/core@7.4.3))))(@pixi/mesh@7.4.3(@pixi/core@7.4.3)(@pixi/display@7.4.3(@pixi/core@7.4.3)))(@pixi/sprite@7.4.3(@pixi/core@7.4.3)(@pixi/display@7.4.3(@pixi/core@7.4.3))))(@pixi/assets@7.4.3(@pixi/core@7.4.3))(@pixi/core@7.4.3)':
    dependencies:
      '@pixi-spine/base': 4.0.6(@pixi/core@7.4.3)(@pixi/display@7.4.3(@pixi/core@7.4.3))(@pixi/graphics@7.4.3(@pixi/core@7.4.3)(@pixi/display@7.4.3(@pixi/core@7.4.3))(@pixi/sprite@7.4.3(@pixi/core@7.4.3)(@pixi/display@7.4.3(@pixi/core@7.4.3))))(@pixi/mesh-extras@7.4.3(@pixi/core@7.4.3)(@pixi/mesh@7.4.3(@pixi/core@7.4.3)(@pixi/display@7.4.3(@pixi/core@7.4.3))))(@pixi/mesh@7.4.3(@pixi/core@7.4.3)(@pixi/display@7.4.3(@pixi/core@7.4.3)))(@pixi/sprite@7.4.3(@pixi/core@7.4.3)(@pixi/display@7.4.3(@pixi/core@7.4.3)))
      '@pixi/assets': 7.4.3(@pixi/core@7.4.3)
      '@pixi/core': 7.4.3

  '@pixi-spine/runtime-4.1@4.0.6(@pixi-spine/base@4.0.6(@pixi/core@7.4.3)(@pixi/display@7.4.3(@pixi/core@7.4.3))(@pixi/graphics@7.4.3(@pixi/core@7.4.3)(@pixi/display@7.4.3(@pixi/core@7.4.3))(@pixi/sprite@7.4.3(@pixi/core@7.4.3)(@pixi/display@7.4.3(@pixi/core@7.4.3))))(@pixi/mesh-extras@7.4.3(@pixi/core@7.4.3)(@pixi/mesh@7.4.3(@pixi/core@7.4.3)(@pixi/display@7.4.3(@pixi/core@7.4.3))))(@pixi/mesh@7.4.3(@pixi/core@7.4.3)(@pixi/display@7.4.3(@pixi/core@7.4.3)))(@pixi/sprite@7.4.3(@pixi/core@7.4.3)(@pixi/display@7.4.3(@pixi/core@7.4.3))))(@pixi/core@7.4.3)':
    dependencies:
      '@pixi-spine/base': 4.0.6(@pixi/core@7.4.3)(@pixi/display@7.4.3(@pixi/core@7.4.3))(@pixi/graphics@7.4.3(@pixi/core@7.4.3)(@pixi/display@7.4.3(@pixi/core@7.4.3))(@pixi/sprite@7.4.3(@pixi/core@7.4.3)(@pixi/display@7.4.3(@pixi/core@7.4.3))))(@pixi/mesh-extras@7.4.3(@pixi/core@7.4.3)(@pixi/mesh@7.4.3(@pixi/core@7.4.3)(@pixi/display@7.4.3(@pixi/core@7.4.3))))(@pixi/mesh@7.4.3(@pixi/core@7.4.3)(@pixi/display@7.4.3(@pixi/core@7.4.3)))(@pixi/sprite@7.4.3(@pixi/core@7.4.3)(@pixi/display@7.4.3(@pixi/core@7.4.3)))
      '@pixi/core': 7.4.3

  '@pixi/assets@7.4.3(@pixi/core@7.4.3)':
    dependencies:
      '@pixi/core': 7.4.3
      '@types/css-font-loading-module': 0.0.12

  '@pixi/color@7.4.3':
    dependencies:
      '@pixi/colord': 2.9.6

  '@pixi/colord@2.9.6': {}

  '@pixi/constants@7.4.3': {}

  '@pixi/core@7.4.3':
    dependencies:
      '@pixi/color': 7.4.3
      '@pixi/constants': 7.4.3
      '@pixi/extensions': 7.4.3
      '@pixi/math': 7.4.3
      '@pixi/runner': 7.4.3
      '@pixi/settings': 7.4.3
      '@pixi/ticker': 7.4.3
      '@pixi/utils': 7.4.3

  '@pixi/display@7.4.3(@pixi/core@7.4.3)':
    dependencies:
      '@pixi/core': 7.4.3

  '@pixi/extensions@7.4.3': {}

  '@pixi/graphics@7.4.3(@pixi/core@7.4.3)(@pixi/display@7.4.3(@pixi/core@7.4.3))(@pixi/sprite@7.4.3(@pixi/core@7.4.3)(@pixi/display@7.4.3(@pixi/core@7.4.3)))':
    dependencies:
      '@pixi/core': 7.4.3
      '@pixi/display': 7.4.3(@pixi/core@7.4.3)
      '@pixi/sprite': 7.4.3(@pixi/core@7.4.3)(@pixi/display@7.4.3(@pixi/core@7.4.3))

  '@pixi/math@7.4.3': {}

  '@pixi/mesh-extras@7.4.3(@pixi/core@7.4.3)(@pixi/mesh@7.4.3(@pixi/core@7.4.3)(@pixi/display@7.4.3(@pixi/core@7.4.3)))':
    dependencies:
      '@pixi/core': 7.4.3
      '@pixi/mesh': 7.4.3(@pixi/core@7.4.3)(@pixi/display@7.4.3(@pixi/core@7.4.3))

  '@pixi/mesh@7.4.3(@pixi/core@7.4.3)(@pixi/display@7.4.3(@pixi/core@7.4.3))':
    dependencies:
      '@pixi/core': 7.4.3
      '@pixi/display': 7.4.3(@pixi/core@7.4.3)

  '@pixi/runner@7.4.3': {}

  '@pixi/settings@7.4.3':
    dependencies:
      '@pixi/constants': 7.4.3
      '@types/css-font-loading-module': 0.0.12
      ismobilejs: 1.1.1

  '@pixi/sprite@7.4.3(@pixi/core@7.4.3)(@pixi/display@7.4.3(@pixi/core@7.4.3))':
    dependencies:
      '@pixi/core': 7.4.3
      '@pixi/display': 7.4.3(@pixi/core@7.4.3)

  '@pixi/ticker@7.4.3':
    dependencies:
      '@pixi/extensions': 7.4.3
      '@pixi/settings': 7.4.3
      '@pixi/utils': 7.4.3

  '@pixi/utils@7.4.3':
    dependencies:
      '@pixi/color': 7.4.3
      '@pixi/constants': 7.4.3
      '@pixi/settings': 7.4.3
      '@types/earcut': 2.1.4
      earcut: 2.2.4
      eventemitter3: 4.0.7
      url: 0.11.4

  '@types/css-font-loading-module@0.0.12': {}

  '@types/earcut@2.1.4': {}

  '@types/earcut@3.0.0': {}

  '@webgpu/types@0.1.61': {}

  '@xmldom/xmldom@0.8.10': {}

  adler-32@1.3.1: {}

  call-bind-apply-helpers@1.0.2:
    dependencies:
      es-errors: 1.3.0
      function-bind: 1.1.2

  call-bound@1.0.4:
    dependencies:
      call-bind-apply-helpers: 1.0.2
      get-intrinsic: 1.3.0

  cfb@1.2.2:
    dependencies:
      adler-32: 1.3.1
      crc-32: 1.2.2

  codepage@1.15.0: {}

  crc-32@1.2.2: {}

  dunder-proto@1.0.1:
    dependencies:
      call-bind-apply-helpers: 1.0.2
      es-errors: 1.3.0
      gopd: 1.2.0

  earcut@2.2.4: {}

  earcut@3.0.1: {}

  es-define-property@1.0.1: {}

  es-errors@1.3.0: {}

  es-object-atoms@1.1.1:
    dependencies:
      es-errors: 1.3.0

  eventemitter3@4.0.7: {}

  eventemitter3@5.0.1: {}

  frac@1.1.2: {}

  fs-extra@11.3.0:
    dependencies:
      graceful-fs: 4.2.11
      jsonfile: 6.1.0
      universalify: 2.0.1

  function-bind@1.1.2: {}

  get-intrinsic@1.3.0:
    dependencies:
      call-bind-apply-helpers: 1.0.2
      es-define-property: 1.0.1
      es-errors: 1.3.0
      es-object-atoms: 1.1.1
      function-bind: 1.1.2
      get-proto: 1.0.1
      gopd: 1.2.0
      has-symbols: 1.1.0
      hasown: 2.0.2
      math-intrinsics: 1.1.0

  get-proto@1.0.1:
    dependencies:
      dunder-proto: 1.0.1
      es-object-atoms: 1.1.1

  gifuct-js@2.1.2:
    dependencies:
      js-binary-schema-parser: 2.0.3

  gopd@1.2.0: {}

  graceful-fs@4.2.11: {}

  has-symbols@1.1.0: {}

  hasown@2.0.2:
    dependencies:
      function-bind: 1.1.2

  ismobilejs@1.1.1: {}

  js-binary-schema-parser@2.0.3: {}

  jsonfile@6.1.0:
    dependencies:
      universalify: 2.0.1
    optionalDependencies:
      graceful-fs: 4.2.11

  math-intrinsics@1.1.0: {}

  object-inspect@1.13.4: {}

  parse-svg-path@0.1.2: {}

  pixi.js@8.10.1:
    dependencies:
      '@pixi/colord': 2.9.6
      '@types/css-font-loading-module': 0.0.12
      '@types/earcut': 3.0.0
      '@webgpu/types': 0.1.61
      '@xmldom/xmldom': 0.8.10
      earcut: 3.0.1
      eventemitter3: 5.0.1
      gifuct-js: 2.1.2
      ismobilejs: 1.1.1
      parse-svg-path: 0.1.2

  punycode@1.4.1: {}

  qs@6.14.0:
    dependencies:
      side-channel: 1.1.0

  side-channel-list@1.0.0:
    dependencies:
      es-errors: 1.3.0
      object-inspect: 1.13.4

  side-channel-map@1.0.1:
    dependencies:
      call-bound: 1.0.4
      es-errors: 1.3.0
      get-intrinsic: 1.3.0
      object-inspect: 1.13.4

  side-channel-weakmap@1.0.2:
    dependencies:
      call-bound: 1.0.4
      es-errors: 1.3.0
      get-intrinsic: 1.3.0
      object-inspect: 1.13.4
      side-channel-map: 1.0.1

  side-channel@1.1.0:
    dependencies:
      es-errors: 1.3.0
      object-inspect: 1.13.4
      side-channel-list: 1.0.0
      side-channel-map: 1.0.1
      side-channel-weakmap: 1.0.2

  ssf@0.11.2:
    dependencies:
      frac: 1.1.2

  universalify@2.0.1: {}

  url@0.11.4:
    dependencies:
      punycode: 1.4.1
      qs: 6.14.0

  wmf@1.0.2: {}

  word@0.3.0: {}

  xlsx@0.18.5:
    dependencies:
      adler-32: 1.3.1
      cfb: 1.2.2
      codepage: 1.15.0
      crc-32: 1.2.2
      ssf: 0.11.2
      wmf: 1.0.2
      word: 0.3.0
